<?xml version="1.0" encoding="utf-8"?>
<Project ToolsVersion="4.0" xmlns="http://schemas.microsoft.com/developer/msbuild/2003">
  <ItemGroup>
    <Filter Include="Source Files">
      <UniqueIdentifier>{4FC737F1-C7A5-4376-A066-2A32D752A2FF}</UniqueIdentifier>
      <Extensions>cpp;c;cc;cxx;def;odl;idl;hpj;bat;asm;asmx</Extensions>
    </Filter>
    <Filter Include="Header Files">
      <UniqueIdentifier>{93995380-89BD-4b04-88EB-625FBE52EBFB}</UniqueIdentifier>
      <Extensions>h;hh;hpp;hxx;hm;inl;inc;xsd</Extensions>
    </Filter>
    <Filter Include="Resource Files">
      <UniqueIdentifier>{67DA6AB6-F800-4c08-8B7A-83BB121AAD01}</UniqueIdentifier>
      <Extensions>rc;ico;cur;bmp;dlg;rc2;rct;bin;rgs;gif;jpg;jpeg;jpe;resx;tiff;tif;png;wav;mfcribbon-ms</Extensions>
    </Filter>
  </ItemGroup>
  <ItemGroup>
    <ClCompile Include="main.cpp">
      <Filter>Source Files</Filter>
    </ClCompile>
    <ClCompile Include="TheSplashScreen.cpp">
      <Filter>Source Files</Filter>
    </ClCompile>
    <ClCompile Include="TheFrontEnd.cpp">
      <Filter>Source Files</Filter>
    </ClCompile>
    <ClCompile Include="TheMainMenuClass.cpp">
      <Filter>Source Files</Filter>
    </ClCompile>
    <ClCompile Include="Freedom.cpp">
      <Filter>Source Files</Filter>
    </ClCompile>
    <ClCompile Include="TheHeliClass.cpp">
      <Filter>Source Files</Filter>
    </ClCompile>
    <ClCompile Include="TheMissileClass.cpp">
      <Filter>Source Files</Filter>
    </ClCompile>
    <ClCompile Include="TheMachineGunClass.cpp">
      <Filter>Source Files</Filter>
    </ClCompile>
    <ClCompile Include="OperationsHandler.cpp">
      <Filter>Source Files</Filter>
    </ClCompile>
    <ClCompile Include="TheJetClass.cpp">
      <Filter>Source Files</Filter>
    </ClCompile>
    <ClCompile Include="TheTruckClass.cpp">
      <Filter>Source Files</Filter>
    </ClCompile>
    <ClCompile Include="TheVehicleClass.cpp">
      <Filter>Source Files</Filter>
    </ClCompile>
    <ClCompile Include="TheTankClass.cpp">
      <Filter>Source Files</Filter>
    </ClCompile>
    <ClCompile Include="TheBulletClass.cpp">
      <Filter>Source Files</Filter>
    </ClCompile>
    <ClCompile Include="TheProjectileClass.cpp">
      <Filter>Source Files</Filter>
    </ClCompile>
    <ClCompile Include="SentryGun.cpp">
      <Filter>Source Files</Filter>
    </ClCompile>
    <ClCompile Include="TheAIClass.cpp">
      <Filter>Source Files</Filter>
    </ClCompile>
    <ClCompile Include="PlayerVehicle.cpp">
      <Filter>Source Files</Filter>
    </ClCompile>
    <ClCompile Include="TheAITank.cpp">
      <Filter>Source Files</Filter>
    </ClCompile>
    <ClCompile Include="TheAIHeli.cpp">
      <Filter>Source Files</Filter>
    </ClCompile>
  </ItemGroup>
  <ItemGroup>
    <ClInclude Include="TheSplashScreen.h">
      <Filter>Header Files</Filter>
    </ClInclude>
    <ClInclude Include="TheFrontEnd.h">
      <Filter>Header Files</Filter>
    </ClInclude>
    <ClInclude Include="TheMainMenuClass.h">
      <Filter>Header Files</Filter>
    </ClInclude>
    <ClInclude Include="Freedom.h">
      <Filter>Header Files</Filter>
    </ClInclude>
    <ClInclude Include="TheHeliClass.h">
      <Filter>Header Files</Filter>
    </ClInclude>
    <ClInclude Include="TheMissileClass.h">
      <Filter>Header Files</Filter>
    </ClInclude>
    <ClInclude Include="TheMachineGunClass.h">
      <Filter>Header Files</Filter>
    </ClInclude>
    <ClInclude Include="OperationsHandler.h">
      <Filter>Header Files</Filter>
    </ClInclude>
    <ClInclude Include="TheJetClass.h">
      <Filter>Header Files</Filter>
    </ClInclude>
    <ClInclude Include="TheTruckClass.h">
      <Filter>Header Files</Filter>
    </ClInclude>
    <ClInclude Include="TheVehicleClass.h">
      <Filter>Header Files</Filter>
    </ClInclude>
    <ClInclude Include="TheTankClass.h">
      <Filter>Header Files</Filter>
    </ClInclude>
    <ClInclude Include="TheBulletClass.h">
      <Filter>Header Files</Filter>
    </ClInclude>
    <ClInclude Include="TheProjectileClass.h">
      <Filter>Header Files</Filter>
    </ClInclude>
    <ClInclude Include="resource.h">
      <Filter>Header Files</Filter>
    </ClInclude>
    <ClInclude Include="SentryGun.h">
      <Filter>Header Files</Filter>
    </ClInclude>
    <ClInclude Include="TheAIClass.h">
      <Filter>Header Files</Filter>
    </ClInclude>
    <ClInclude Include="PlayerVehicle.h">
      <Filter>Header Files</Filter>
    </ClInclude>
    <ClInclude Include="TheAITank.h">
      <Filter>Header Files</Filter>
    </ClInclude>
    <ClInclude Include="TheAIHeli.h">
      <Filter>Header Files</Filter>
    </ClInclude>
  </ItemGroup>
  <ItemGroup>
    <None Include="ClassDiagram.cd" />
    <None Include="ClassDiagram1.cd" />
    <None Include="ClassDiagram2.cd" />
    <None Include="ClassDiagram3.cd" />
    <None Include="ClassDiagram4.cd" />
  </ItemGroup>
  <ItemGroup>
    <Image Include="icon.ico">
      <Filter>Resource Files</Filter>
    </Image>
  </ItemGroup>
  <ItemGroup>
    <ResourceCompile Include="TheGame.rc">
      <Filter>Resource Files</Filter>
    </ResourceCompile>
  </ItemGroup>
</Project>